{
  "nodes": {
    "devenv": {
      "locked": {
        "dir": "src/modules",
        "lastModified": 1773845731,
        "narHash": "sha256-xKkgNN7rHA6t1fhdbRoUse9LvIM0Q+E9vMT6np+s4fQ=",
        "owner": "cachix",
        "repo": "devenv",
        "rev": "44ff299e4e2285b347c2a030f9a565735f091304",
        "type": "github"
      },
      "original": {
        "dir": "src/modules",
        "owner": "cachix",
        "repo": "devenv",
        "type": "github"
      }
    },
    "nixpkgs": {
      "locked": {
        "lastModified": 1773757037,
        "narHash": "sha256-NBnGaZvJvz+cdpHUwtBw/PcTEP/gD02pL76wERzRDFk=",
        "owner": "NixOS",
        "repo": "nixpkgs",
        "rev": "69ba8f9b9132e83a2e2aca3a810fe158a7072531",
        "type": "github"
      },
      "original": {
        "owner": "NixOS",
        "ref": "nixpkgs-25.11-darwin",
        "repo": "nixpkgs",
        "type": "github"
      }
    },
    "root": {
      "inputs": {
        "devenv": "devenv",
        "nixpkgs": "nixpkgs"
      }
    }
  },
  "root": "root",
  "version": 7
}